// !$*UTF8*$!
{
	archiveVersion = 1;
	classes = {
	};
	objectVersion = 46;
	objects = {

/* Begin PBXBuildFile section */
		B86E3071186D36A000D50E0D /* main.cpp in Sources */ = {isa = PBXBuildFile; fileRef = B86E3070186D36A000D50E0D /* main.cpp */; };
		B86E3073186D36A000D50E0D /* Character_rain_of_The_Matrix_using_Ncurses.1 in CopyFiles */ = {isa = PBXBuildFile; fileRef = B86E3072186D36A000D50E0D /* Character_rain_of_The_Matrix_using_Ncurses.1 */; };
/* End PBXBuildFile section */

/* Begin PBXCopyFilesBuildPhase section */
		B86E306B186D36A000D50E0D /* CopyFiles */ = {
			isa = PBXCopyFilesBuildPhase;
			buildActionMask = 2147483647;
			dstPath = /usr/share/man/man1/;
			dstSubfolderSpec = 0;
			files = (
				B86E3073186D36A000D50E0D /* Character_rain_of_The_Matrix_using_Ncurses.1 in CopyFiles */,
			);
			runOnlyForDeploymentPostprocessing = 1;
		};
/* End PBXCopyFilesBuildPhase section */

/* Begin PBXFileReference section */
		B86E306D186D36A000D50E0D /* Character_rain_of_The_Matrix_using_Ncurses */ = {isa = PBXFileReference; explicitFileType = "compiled.mach-o.executable"; includeInIndex = 0; path = Character_rain_of_The_Matrix_using_Ncurses; sourceTree = BUILT_PRODUCTS_DIR; };
		B86E3070186D36A000D50E0D /* main.cpp */ = {isa = PBXFileReference; lastKnownFileType = sourcecode.cpp.cpp; path = main.cpp; sourceTree = "<group>"; };
		B86E3072186D36A000D50E0D /* Character_rain_of_The_Matrix_using_Ncurses.1 */ = {isa = PBXFileReference; lastKnownFileType = text.man; path = Character_rain_of_The_Matrix_using_Ncurses.1; sourceTree = "<group>"; };
/* End PBXFileReference section */

/* Begin PBXFrameworksBuildPhase section */
		B86E306A186D36A000D50E0D /* Frameworks */ = {
			isa = PBXFrameworksBuildPhase;
			buildActionMask = 2147483647;
			files = (
			);
			runOnlyForDeploymentPostprocessing = 0;
		};
/* End PBXFrameworksBuildPhase section */

/* Begin PBXGroup section */
		B86E3064186D36A000D50E0D = {
			isa = PBXGroup;
			children = (
				B86E306F186D36A000D50E0D /* Character_rain_of_The_Matrix_using_Ncurses */,
				B86E306E186D36A000D50E0D /* Products */,
			);
			sourceTree = "<group>";
		};
		B86E306E186D36A000D50E0D /* Products */ = {
			isa = PBXGroup;
			children = (
				B86E306D186D36A000D50E0D /* Character_rain_of_The_Matrix_using_Ncurses */,
			);
			name = Products;
			sourceTree = "<group>";
		};
		B86E306F186D36A000D50E0D /* Character_rain_of_The_Matrix_using_Ncurses */ = {
			isa = PBXGroup;
			children = (
				B86E3070186D36A000D50E0D /* main.cpp */,
				B86E3072186D36A000D50E0D /* Character_rain_of_The_Matrix_using_Ncurses.1 */,
			);
			path = Character_rain_of_The_Matrix_using_Ncurses;
			sourceTree = "<group>";
		};
/* End PBXGroup section */

/* Begin PBXNativeTarget section */
		B86E306C186D36A000D50E0D /* Character_rain_of_The_Matrix_using_Ncurses */ = {
			isa = PBXNativeTarget;
			buildConfigurationList = B86E3076186D36A000D50E0D /* Build configuration list for PBXNativeTarget "Character_rain_of_The_Matrix_using_Ncurses" */;
			buildPhases = (
				B86E3069186D36A000D50E0D /* Sources */,
				B86E306A186D36A000D50E0D /* Frameworks */,
				B86E306B186D36A000D50E0D /* CopyFiles */,
				B86E3079186D3DE700D50E0D /* ShellScript */,
			);
			buildRules = (
			);
			dependencies = (
			);
			name = Character_rain_of_The_Matrix_using_Ncurses;
			productName = Character_rain_of_The_Matrix_using_Ncurses;
			productReference = B86E306D186D36A000D50E0D /* Character_rain_of_The_Matrix_using_Ncurses */;
			productType = "com.apple.product-type.tool";
		};
/* End PBXNativeTarget section */

/* Begin PBXProject section */
		B86E3065186D36A000D50E0D /* Project object */ = {
			isa = PBXProject;
			attributes = {
				LastUpgradeCheck = 0500;
				ORGANIZATIONNAME = "Wang Ze";
			};
			buildConfigurationList = B86E3068186D36A000D50E0D /* Build configuration list for PBXProject "Character_rain_of_The_Matrix_using_Ncurses" */;
			compatibilityVersion = "Xcode 3.2";
			developmentRegion = English;
			hasScannedForEncodings = 0;
			knownRegions = (
				en,
			);
			mainGroup = B86E3064186D36A000D50E0D;
			productRefGroup = B86E306E186D36A000D50E0D /* Products */;
			projectDirPath = "";
			projectRoot = "";
			targets = (
				B86E306C186D36A000D50E0D /* Character_rain_of_The_Matrix_using_Ncurses */,
			);
		};
/* End PBXProject section */

/* Begin PBXShellScriptBuildPhase section */
		B86E3079186D3DE700D50E0D /* ShellScript */ = {
			isa = PBXShellScriptBuildPhase;
			buildActionMask = 2147483647;
			files = (
			);
			inputPaths = (
			);
			outputPaths = (
			);
			runOnlyForDeploymentPostprocessing = 0;
			shellPath = /bin/sh;
			shellScript = "open '/Users/wangze/Library/Developer/Xcode/DerivedData/Character_rain_of_The_Matrix_using_Ncurses-hduxrcxpwmbqvkavreikzusfgrvy/Build/Products/Debug/Character_rain_of_The_Matrix_using_Ncurses'";
		};
/* End PBXShellScriptBuildPhase section */

/* Begin PBXSourcesBuildPhase section */
		B86E3069186D36A000D50E0D /* Sources */ = {
			isa = PBXSourcesBuildPhase;
			buildActionMask = 2147483647;
			files = (
				B86E3071186D36A000D50E0D /* main.cpp in Sources */,
			);
			runOnlyForDeploymentPostprocessing = 0;
		};
/* End PBXSourcesBuildPhase section */

/* Begin XCBuildConfiguration section */
		B86E3074186D36A000D50E0D /* Debug */ = {
			isa = XCBuildConfiguration;
			buildSettings = {
				ALWAYS_SEARCH_USER_PATHS = NO;
				CLANG_CXX_LANGUAGE_STANDARD = "gnu++0x";
				CLANG_CXX_LIBRARY = "libc++";
				CLANG_ENABLE_OBJC_ARC = YES;
				CLANG_WARN_BOOL_CONVERSION = YES;
				CLANG_WARN_CONSTANT_CONVERSION = YES;
				CLANG_WARN_DIRECT_OBJC_ISA_USAGE = YES_ERROR;
				CLANG_WARN_EMPTY_BODY = YES;
				CLANG_WARN_ENUM_CONVERSION = YES;
				CLANG_WARN_INT_CONVERSION = YES;
				CLANG_WARN_OBJC_ROOT_CLASS = YES_ERROR;
				CLANG_WARN__DUPLICATE_METHOD_MATCH = YES;
				COPY_PHASE_STRIP = NO;
				GCC_C_LANGUAGE_STANDARD = gnu99;
				GCC_DYNAMIC_NO_PIC = NO;
				GCC_ENABLE_OBJC_EXCEPTIONS = YES;
				GCC_OPTIMIZATION_LEVEL = 0;
				GCC_PREPROCESSOR_DEFINITIONS = (
					"DEBUG=1",
					"$(inherited)",
				);
				GCC_SYMBOLS_PRIVATE_EXTERN = NO;
				GCC_WARN_64_TO_32_BIT_CONVERSION = YES;
				GCC_WARN_ABOUT_RETURN_TYPE = YES_ERROR;
				GCC_WARN_UNDECLARED_SELECTOR = YES;
				GCC_WARN_UNINITIALIZED_AUTOS = YES;
				GCC_WARN_UNUSED_FUNCTION = YES;
				GCC_WARN_UNUSED_VARIABLE = YES;
				MACOSX_DEPLOYMENT_TARGET = 10.8;
				ONLY_ACTIVE_ARCH = YES;
				SDKROOT = macosx;
			};
			name = Debug;
		};
		B86E3075186D36A000D50E0D /* Release */ = {
			isa = XCBuildConfiguration;
			buildSettings = {
				ALWAYS_SEARCH_USER_PATHS = NO;
				CLANG_CXX_LANGUAGE_STANDARD = "gnu++0x";
				CLANG_CXX_LIBRARY = "libc++";
				CLANG_ENABLE_OBJC_ARC = YES;
				CLANG_WARN_BOOL_CONVERSION = YES;
				CLANG_WARN_CONSTANT_CONVERSION = YES;
				CLANG_WARN_DIRECT_OBJC_ISA_USAGE = YES_ERROR;
				CLANG_WARN_EMPTY_BODY = YES;
				CLANG_WARN_ENUM_CONVERSION = YES;
				CLANG_WARN_INT_CONVERSION = YES;
				CLANG_WARN_OBJC_ROOT_CLASS = YES_ERROR;
				CLANG_WARN__DUPLICATE_METHOD_MATCH = YES;
				COPY_PHASE_STRIP = YES;
				DEBUG_INFORMATION_FORMAT = "dwarf-with-dsym";
				ENABLE_NS_ASSERTIONS = NO;
				GCC_C_LANGUAGE_STANDARD = gnu99;
				GCC_ENABLE_OBJC_EXCEPTIONS = YES;
				GCC_WARN_64_TO_32_BIT_CONVERSION = YES;
				GCC_WARN_ABOUT_RETURN_TYPE = YES_ERROR;
				GCC_WARN_UNDECLARED_SELECTOR = YES;
				GCC_WARN_UNINITIALIZED_AUTOS = YES;
				GCC_WARN_UNUSED_FUNCTION = YES;
				GCC_WARN_UNUSED_VARIABLE = YES;
				MACOSX_DEPLOYMENT_TARGET = 10.8;
				SDKROOT = macosx;
			};
			name = Release;
		};
		B86E3077186D36A000D50E0D /* Debug */ = {
			isa = XCBuildConfiguration;
			buildSettings = {
				"OTHER_LDFLAGS[arch=*]" = "-lncurses";
				PRODUCT_NAME = "$(TARGET_NAME)";
			};
			name = Debug;
		};
		B86E3078186D36A000D50E0D /* Release */ = {
			isa = XCBuildConfiguration;
			buildSettings = {
				"OTHER_LDFLAGS[arch=*]" = "-lncurses";
				PRODUCT_NAME = "$(TARGET_NAME)";
			};
			name = Release;
		};
/* End XCBuildConfiguration section */

/* Begin XCConfigurationList section */
		B86E3068186D36A000D50E0D /* Build configuration list for PBXProject "Character_rain_of_The_Matrix_using_Ncurses" */ = {
			isa = XCConfigurationList;
			buildConfigurations = (
				B86E3074186D36A000D50E0D /* Debug */,
				B86E3075186D36A000D50E0D /* Release */,
			);
			defaultConfigurationIsVisible = 0;
			defaultConfigurationName = Release;
		};
		B86E3076186D36A000D50E0D /* Build configuration list for PBXNativeTarget "Character_rain_of_The_Matrix_using_Ncurses" */ = {
			isa = XCConfigurationList;
			buildConfigurations = (
				B86E3077186D36A000D50E0D /* Debug */,
				B86E3078186D36A000D50E0D /* Release */,
			);
			defaultConfigurationIsVisible = 0;
		};
/* End XCConfigurationList section */
	};
	rootObject = B86E3065186D36A000D50E0D /* Project object */;
}
